
Microsoft Visual Studio Solution File, Format Version 12.00
# Visual Studio Version 17
VisualStudioVersion = 17.14.36915.13 d17.14
MinimumVisualStudioVersion = 10.0.40219.1
Project("{FAE04EC0-301F-11D3-BF4B-00C04F79EFBC}") = "hvd", "hvd.csproj", "{277500BF-4A97-49F4-BB64-5CB204BF05DE}"
EndProject
Global
	GlobalSection(SolutionConfigurationPlatforms) = preSolution
		Debug|Any CPU = Debug|Any CPU
		Release|Any CPU = Release|Any CPU
	EndGlobalSection
	GlobalSection(ProjectConfigurationPlatforms) = postSolution
		{277500BF-4A97-49F4-BB64-5CB204BF05DE}.Debug|Any CPU.ActiveCfg = Debug|Any CPU
		{277500BF-4A97-49F4-BB64-5CB204BF05DE}.Debug|Any CPU.Build.0 = Debug|Any CPU
		{277500BF-4A97-49F4-BB64-5CB204BF05DE}.Release|Any CPU.ActiveCfg = Release|Any CPU
		{277500BF-4A97-49F4-BB64-5CB204BF05DE}.Release|Any CPU.Build.0 = Release|Any CPU
	EndGlobalSection
	GlobalSection(SolutionProperties) = preSolution
		HideSolutionNode = FALSE
	EndGlobalSection
	GlobalSection(ExtensibilityGlobals) = postSolution
		SolutionGuid = {F483073B-11EA-41B7-8298-B6A7980475AA}
	EndGlobalSection
EndGlobal
